// !$*UTF8*$!
{
	archiveVersion = 1;
	classes = {
	};
	objectVersion = 46;
	objects = {

/* Begin PBXAggregateTarget section */
		FA33F0CE1C8F104B002EAAE8 /* RunSelfdeAppTest */ = {
			isa = PBXAggregateTarget;
			buildConfigurationList = FA33F0CF1C8F104B002EAAE8 /* Build configuration list for PBXAggregateTarget "RunSelfdeAppTest" */;
			buildPhases = (
				FA33F0D41C8F1056002EAAE8 /* ShellScript */,
			);
			dependencies = (
				FA33F0D31C8F1052002EAAE8 /* PBXTargetDependency */,
			);
			name = RunSelfdeAppTest;
			productName = RunSelfdeAppTest;
		};
/* End PBXAggregateTarget section */

/* Begin PBXBuildFile section */
		FA1FB8BF1C8395A600505EC1 /* remoteDebuggingIO.swift in Sources */ = {isa = PBXBuildFile; fileRef = FA1FB8BE1C8395A600505EC1 /* remoteDebuggingIO.swift */; };
		FA5DB8D01C848CAE0030E73C /* debuggerUtils.swift in Sources */ = {isa = PBXBuildFile; fileRef = FA5DB8CF1C848CAE0030E73C /* debuggerUtils.swift */; };
		FA68DF3E1C79BDEF00F3D838 /* Selfde.h in Headers */ = {isa = PBXBuildFile; fileRef = FA68DF3D1C79BDEF00F3D838 /* Selfde.h */; settings = {ATTRIBUTES = (Public, ); }; };
		FA68DF451C79BDEF00F3D838 /* Selfde.framework in Frameworks */ = {isa = PBXBuildFile; fileRef = FA68DF3A1C79BDEF00F3D838 /* Selfde.framework */; };
		FA68DF4A1C79BDEF00F3D838 /* SelfdeTests.swift in Sources */ = {isa = PBXBuildFile; fileRef = FA68DF491C79BDEF00F3D838 /* SelfdeTests.swift */; };
		FA68DF551C79BDFB00F3D838 /* controller.swift in Sources */ = {isa = PBXBuildFile; fileRef = FA68DF541C79BDFB00F3D838 /* controller.swift */; };
		FA68DF571C79C9F800F3D838 /* machController.swift in Sources */ = {isa = PBXBuildFile; fileRef = FA68DF561C79C9F800F3D838 /* machController.swift */; };
		FA68DF5A1C79CB6900F3D838 /* machControllerImpl.c in Sources */ = {isa = PBXBuildFile; fileRef = FA68DF581C79CB6900F3D838 /* machControllerImpl.c */; };
		FA68DF5B1C79CB6900F3D838 /* machControllerImpl.h in Headers */ = {isa = PBXBuildFile; fileRef = FA68DF591C79CB6900F3D838 /* machControllerImpl.h */; settings = {ATTRIBUTES = (Public, ); }; };
		FA68DF601C79D71700F3D838 /* machThread.swift in Sources */ = {isa = PBXBuildFile; fileRef = FA68DF5F1C79D71700F3D838 /* machThread.swift */; };
		FA68DF621C79D7CF00F3D838 /* machUtils.swift in Sources */ = {isa = PBXBuildFile; fileRef = FA68DF611C79D7CF00F3D838 /* machUtils.swift */; };
		FA707ED91C809D1200BB06A0 /* debugServer.swift in Sources */ = {isa = PBXBuildFile; fileRef = FA707ED81C809D1200BB06A0 /* debugServer.swift */; };
		FA707EDB1C809D3000BB06A0 /* debugger.swift in Sources */ = {isa = PBXBuildFile; fileRef = FA707EDA1C809D3000BB06A0 /* debugger.swift */; };
		FA707EDD1C809D9600BB06A0 /* remoteDebuggingProtocol.swift in Sources */ = {isa = PBXBuildFile; fileRef = FA707EDC1C809D9600BB06A0 /* remoteDebuggingProtocol.swift */; };
		FA707EE11C80CCC800BB06A0 /* DNBRegisterInfoX86_64.cpp in Sources */ = {isa = PBXBuildFile; fileRef = FA707EDF1C80CCC800BB06A0 /* DNBRegisterInfoX86_64.cpp */; };
		FA707EE21C80CCC800BB06A0 /* DNBRegisterInfoX86_64.h in Headers */ = {isa = PBXBuildFile; fileRef = FA707EE01C80CCC800BB06A0 /* DNBRegisterInfoX86_64.h */; settings = {ATTRIBUTES = (Public, ); }; };
		FA707EE41C80DCC800BB06A0 /* HasAVX.s in Sources */ = {isa = PBXBuildFile; fileRef = FA707EE31C80DCC800BB06A0 /* HasAVX.s */; };
		FA707EE71C80E7A500BB06A0 /* debugServerRegisterHandling.swift in Sources */ = {isa = PBXBuildFile; fileRef = FA707EE61C80E7A500BB06A0 /* debugServerRegisterHandling.swift */; };
		FA707EE81C80E8E500BB06A0 /* DNBDefs.h in Headers */ = {isa = PBXBuildFile; fileRef = FA707EDE1C80CC5E00BB06A0 /* DNBDefs.h */; settings = {ATTRIBUTES = (Public, ); }; };
		FA8C99371C7A0A2100096693 /* AppDelegate.swift in Sources */ = {isa = PBXBuildFile; fileRef = FA8C99361C7A0A2100096693 /* AppDelegate.swift */; };
		FA8C99391C7A0A2100096693 /* Assets.xcassets in Resources */ = {isa = PBXBuildFile; fileRef = FA8C99381C7A0A2100096693 /* Assets.xcassets */; };
		FA8C993C1C7A0A2100096693 /* MainMenu.xib in Resources */ = {isa = PBXBuildFile; fileRef = FA8C993A1C7A0A2100096693 /* MainMenu.xib */; };
		FA8C99441C7A0A6800096693 /* Selfde.framework in Copy Files */ = {isa = PBXBuildFile; fileRef = FA68DF3A1C79BDEF00F3D838 /* Selfde.framework */; settings = {ATTRIBUTES = (CodeSignOnCopy, RemoveHeadersOnCopy, ); }; };
		FA8C99491C7A435400096693 /* utils.c in Sources */ = {isa = PBXBuildFile; fileRef = FA8C99471C7A435400096693 /* utils.c */; };
		FA90C21E1C873966007094E5 /* hexUtils.swift in Sources */ = {isa = PBXBuildFile; fileRef = FA90C21D1C873966007094E5 /* hexUtils.swift */; };
		FAF7BA721C7B01D400883782 /* machException.swift in Sources */ = {isa = PBXBuildFile; fileRef = FAF7BA711C7B01D400883782 /* machException.swift */; };
		FAF7BA741C7B06CA00883782 /* machThreadX86_64.swift in Sources */ = {isa = PBXBuildFile; fileRef = FAF7BA731C7B06CA00883782 /* machThreadX86_64.swift */; };
		FAF7BA791C7B10B500883782 /* breakpointX86_64.swift in Sources */ = {isa = PBXBuildFile; fileRef = FAF7BA781C7B10B500883782 /* breakpointX86_64.swift */; };
		FAF7BA7B1C7B152C00883782 /* machRegisterSetsX86_64.swift in Sources */ = {isa = PBXBuildFile; fileRef = FAF7BA7A1C7B152C00883782 /* machRegisterSetsX86_64.swift */; };
/* End PBXBuildFile section */

/* Begin PBXContainerItemProxy section */
		FA33F0D21C8F1052002EAAE8 /* PBXContainerItemProxy */ = {
			isa = PBXContainerItemProxy;
			containerPortal = FA68DF311C79BDEF00F3D838 /* Project object */;
			proxyType = 1;
			remoteGlobalIDString = FA8C99331C7A0A2100096693;
			remoteInfo = SelfdeAppTest;
		};
		FA68DF461C79BDEF00F3D838 /* PBXContainerItemProxy */ = {
			isa = PBXContainerItemProxy;
			containerPortal = FA68DF311C79BDEF00F3D838 /* Project object */;
			proxyType = 1;
			remoteGlobalIDString = FA68DF391C79BDEF00F3D838;
			remoteInfo = Selfde;
		};
		FA8C99411C7A0A5C00096693 /* PBXContainerItemProxy */ = {
			isa = PBXContainerItemProxy;
			containerPortal = FA68DF311C79BDEF00F3D838 /* Project object */;
			proxyType = 1;
			remoteGlobalIDString = FA68DF391C79BDEF00F3D838;
			remoteInfo = Selfde;
		};
/* End PBXContainerItemProxy section */

/* Begin PBXCopyFilesBuildPhase section */
		FA8C99431C7A0A5F00096693 /* Copy Files */ = {
			isa = PBXCopyFilesBuildPhase;
			buildActionMask = 2147483647;
			dstPath = "";
			dstSubfolderSpec = 10;
			files = (
				FA8C99441C7A0A6800096693 /* Selfde.framework in Copy Files */,
			);
			name = "Copy Files";
			runOnlyForDeploymentPostprocessing = 0;
		};
/* End PBXCopyFilesBuildPhase section */

/* Begin PBXFileReference section */
		FA1FB8BE1C8395A600505EC1 /* remoteDebuggingIO.swift */ = {isa = PBXFileReference; fileEncoding = 4; lastKnownFileType = sourcecode.swift; path = remoteDebuggingIO.swift; sourceTree = "<group>"; };
		FA5DB8CF1C848CAE0030E73C /* debuggerUtils.swift */ = {isa = PBXFileReference; fileEncoding = 4; lastKnownFileType = sourcecode.swift; path = debuggerUtils.swift; sourceTree = "<group>"; };
		FA68DF3A1C79BDEF00F3D838 /* Selfde.framework */ = {isa = PBXFileReference; explicitFileType = wrapper.framework; includeInIndex = 0; path = Selfde.framework; sourceTree = BUILT_PRODUCTS_DIR; };
		FA68DF3D1C79BDEF00F3D838 /* Selfde.h */ = {isa = PBXFileReference; lastKnownFileType = sourcecode.c.h; path = Selfde.h; sourceTree = "<group>"; };
		FA68DF3F1C79BDEF00F3D838 /* Info.plist */ = {isa = PBXFileReference; lastKnownFileType = text.plist.xml; path = Info.plist; sourceTree = "<group>"; };
		FA68DF441C79BDEF00F3D838 /* SelfdeTests.xctest */ = {isa = PBXFileReference; explicitFileType = wrapper.cfbundle; includeInIndex = 0; path = SelfdeTests.xctest; sourceTree = BUILT_PRODUCTS_DIR; };
		FA68DF491C79BDEF00F3D838 /* SelfdeTests.swift */ = {isa = PBXFileReference; lastKnownFileType = sourcecode.swift; path = SelfdeTests.swift; sourceTree = "<group>"; };
		FA68DF4B1C79BDEF00F3D838 /* Info.plist */ = {isa = PBXFileReference; lastKnownFileType = text.plist.xml; path = Info.plist; sourceTree = "<group>"; };
		FA68DF541C79BDFB00F3D838 /* controller.swift */ = {isa = PBXFileReference; fileEncoding = 4; lastKnownFileType = sourcecode.swift; path = controller.swift; sourceTree = "<group>"; };
		FA68DF561C79C9F800F3D838 /* machController.swift */ = {isa = PBXFileReference; fileEncoding = 4; lastKnownFileType = sourcecode.swift; path = machController.swift; sourceTree = "<group>"; };
		FA68DF581C79CB6900F3D838 /* machControllerImpl.c */ = {isa = PBXFileReference; fileEncoding = 4; lastKnownFileType = sourcecode.c.c; path = machControllerImpl.c; sourceTree = "<group>"; };
		FA68DF591C79CB6900F3D838 /* machControllerImpl.h */ = {isa = PBXFileReference; fileEncoding = 4; lastKnownFileType = sourcecode.c.h; path = machControllerImpl.h; sourceTree = "<group>"; };
		FA68DF5F1C79D71700F3D838 /* machThread.swift */ = {isa = PBXFileReference; fileEncoding = 4; lastKnownFileType = sourcecode.swift; path = machThread.swift; sourceTree = "<group>"; };
		FA68DF611C79D7CF00F3D838 /* machUtils.swift */ = {isa = PBXFileReference; fileEncoding = 4; lastKnownFileType = sourcecode.swift; path = machUtils.swift; sourceTree = "<group>"; };
		FA707ED81C809D1200BB06A0 /* debugServer.swift */ = {isa = PBXFileReference; fileEncoding = 4; lastKnownFileType = sourcecode.swift; path = debugServer.swift; sourceTree = "<group>"; };
		FA707EDA1C809D3000BB06A0 /* debugger.swift */ = {isa = PBXFileReference; fileEncoding = 4; lastKnownFileType = sourcecode.swift; path = debugger.swift; sourceTree = "<group>"; };
		FA707EDC1C809D9600BB06A0 /* remoteDebuggingProtocol.swift */ = {isa = PBXFileReference; fileEncoding = 4; lastKnownFileType = sourcecode.swift; path = remoteDebuggingProtocol.swift; sourceTree = "<group>"; };
		FA707EDE1C80CC5E00BB06A0 /* DNBDefs.h */ = {isa = PBXFileReference; lastKnownFileType = sourcecode.c.h; path = DNBDefs.h; sourceTree = "<group>"; };
		FA707EDF1C80CCC800BB06A0 /* DNBRegisterInfoX86_64.cpp */ = {isa = PBXFileReference; fileEncoding = 4; lastKnownFileType = sourcecode.cpp.cpp; path = DNBRegisterInfoX86_64.cpp; sourceTree = "<group>"; };
		FA707EE01C80CCC800BB06A0 /* DNBRegisterInfoX86_64.h */ = {isa = PBXFileReference; fileEncoding = 4; lastKnownFileType = sourcecode.c.h; path = DNBRegisterInfoX86_64.h; sourceTree = "<group>"; };
		FA707EE31C80DCC800BB06A0 /* HasAVX.s */ = {isa = PBXFileReference; fileEncoding = 4; lastKnownFileType = sourcecode.asm; path = HasAVX.s; sourceTree = "<group>"; };
		FA707EE51C80DCF800BB06A0 /* HasAVX.h */ = {isa = PBXFileReference; lastKnownFileType = sourcecode.c.h; path = HasAVX.h; sourceTree = "<group>"; };
		FA707EE61C80E7A500BB06A0 /* debugServerRegisterHandling.swift */ = {isa = PBXFileReference; fileEncoding = 4; lastKnownFileType = sourcecode.swift; path = debugServerRegisterHandling.swift; sourceTree = "<group>"; };
		FA8C99341C7A0A2100096693 /* SelfdeAppTest.app */ = {isa = PBXFileReference; explicitFileType = wrapper.application; includeInIndex = 0; path = SelfdeAppTest.app; sourceTree = BUILT_PRODUCTS_DIR; };
		FA8C99361C7A0A2100096693 /* AppDelegate.swift */ = {isa = PBXFileReference; lastKnownFileType = sourcecode.swift; path = AppDelegate.swift; sourceTree = "<group>"; };
		FA8C99381C7A0A2100096693 /* Assets.xcassets */ = {isa = PBXFileReference; lastKnownFileType = folder.assetcatalog; path = Assets.xcassets; sourceTree = "<group>"; };
		FA8C993B1C7A0A2100096693 /* Base */ = {isa = PBXFileReference; lastKnownFileType = file.xib; name = Base; path = Base.lproj/MainMenu.xib; sourceTree = "<group>"; };
		FA8C993D1C7A0A2100096693 /* Info.plist */ = {isa = PBXFileReference; lastKnownFileType = text.plist.xml; path = Info.plist; sourceTree = "<group>"; };
		FA8C99451C7A365900096693 /* SelfdeAppTest.entitlements */ = {isa = PBXFileReference; lastKnownFileType = text.xml; path = SelfdeAppTest.entitlements; sourceTree = "<group>"; };
		FA8C99461C7A435400096693 /* SelfdeAppTest-Bridging-Header.h */ = {isa = PBXFileReference; lastKnownFileType = sourcecode.c.h; path = "SelfdeAppTest-Bridging-Header.h"; sourceTree = "<group>"; };
		FA8C99471C7A435400096693 /* utils.c */ = {isa = PBXFileReference; fileEncoding = 4; lastKnownFileType = sourcecode.c.c; path = utils.c; sourceTree = "<group>"; };
		FA8C99481C7A435400096693 /* utils.h */ = {isa = PBXFileReference; fileEncoding = 4; lastKnownFileType = sourcecode.c.h; path = utils.h; sourceTree = "<group>"; };
		FA90C21D1C873966007094E5 /* hexUtils.swift */ = {isa = PBXFileReference; fileEncoding = 4; lastKnownFileType = sourcecode.swift; path = hexUtils.swift; sourceTree = "<group>"; };
		FAF7BA711C7B01D400883782 /* machException.swift */ = {isa = PBXFileReference; fileEncoding = 4; lastKnownFileType = sourcecode.swift; path = machException.swift; sourceTree = "<group>"; };
		FAF7BA731C7B06CA00883782 /* machThreadX86_64.swift */ = {isa = PBXFileReference; fileEncoding = 4; lastKnownFileType = sourcecode.swift; path = machThreadX86_64.swift; sourceTree = "<group>"; };
		FAF7BA781C7B10B500883782 /* breakpointX86_64.swift */ = {isa = PBXFileReference; fileEncoding = 4; lastKnownFileType = sourcecode.swift; path = breakpointX86_64.swift; sourceTree = "<group>"; };
		FAF7BA7A1C7B152C00883782 /* machRegisterSetsX86_64.swift */ = {isa = PBXFileReference; fileEncoding = 4; lastKnownFileType = sourcecode.swift; path = machRegisterSetsX86_64.swift; sourceTree = "<group>"; };
/* End PBXFileReference section */

/* Begin PBXFrameworksBuildPhase section */
		FA68DF361C79BDEF00F3D838 /* Frameworks */ = {
			isa = PBXFrameworksBuildPhase;
			buildActionMask = 2147483647;
			files = (
			);
			runOnlyForDeploymentPostprocessing = 0;
		};
		FA68DF411C79BDEF00F3D838 /* Frameworks */ = {
			isa = PBXFrameworksBuildPhase;
			buildActionMask = 2147483647;
			files = (
				FA68DF451C79BDEF00F3D838 /* Selfde.framework in Frameworks */,
			);
			runOnlyForDeploymentPostprocessing = 0;
		};
		FA8C99311C7A0A2100096693 /* Frameworks */ = {
			isa = PBXFrameworksBuildPhase;
			buildActionMask = 2147483647;
			files = (
			);
			runOnlyForDeploymentPostprocessing = 0;
		};
/* End PBXFrameworksBuildPhase section */

/* Begin PBXGroup section */
		FA68DF301C79BDEF00F3D838 = {
			isa = PBXGroup;
			children = (
				FA68DF3C1C79BDEF00F3D838 /* Selfde */,
				FA68DF481C79BDEF00F3D838 /* SelfdeTests */,
				FA8C99351C7A0A2100096693 /* SelfdeAppTest */,
				FA68DF3B1C79BDEF00F3D838 /* Products */,
			);
			sourceTree = "<group>";
		};
		FA68DF3B1C79BDEF00F3D838 /* Products */ = {
			isa = PBXGroup;
			children = (
				FA68DF3A1C79BDEF00F3D838 /* Selfde.framework */,
				FA68DF441C79BDEF00F3D838 /* SelfdeTests.xctest */,
				FA8C99341C7A0A2100096693 /* SelfdeAppTest.app */,
			);
			name = Products;
			sourceTree = "<group>";
		};
		FA68DF3C1C79BDEF00F3D838 /* Selfde */ = {
			isa = PBXGroup;
			children = (
				FA68DF3D1C79BDEF00F3D838 /* Selfde.h */,
				FA68DF3F1C79BDEF00F3D838 /* Info.plist */,
				FA68DF541C79BDFB00F3D838 /* controller.swift */,
				FAF7BA711C7B01D400883782 /* machException.swift */,
				FA68DF561C79C9F800F3D838 /* machController.swift */,
				FA68DF5F1C79D71700F3D838 /* machThread.swift */,
				FA68DF611C79D7CF00F3D838 /* machUtils.swift */,
				FA707ED51C809CD900BB06A0 /* Debug Server */,
				FAF7BA771C7B0FE600883782 /* X86_64 */,
				FA68DF581C79CB6900F3D838 /* machControllerImpl.c */,
				FA68DF591C79CB6900F3D838 /* machControllerImpl.h */,
				FA707EDE1C80CC5E00BB06A0 /* DNBDefs.h */,
			);
			path = Selfde;
			sourceTree = "<group>";
		};
		FA68DF481C79BDEF00F3D838 /* SelfdeTests */ = {
			isa = PBXGroup;
			children = (
				FA68DF491C79BDEF00F3D838 /* SelfdeTests.swift */,
				FA68DF4B1C79BDEF00F3D838 /* Info.plist */,
			);
			path = SelfdeTests;
			sourceTree = "<group>";
		};
		FA707ED51C809CD900BB06A0 /* Debug Server */ = {
			isa = PBXGroup;
			children = (
				FA707EDA1C809D3000BB06A0 /* debugger.swift */,
				FA5DB8CF1C848CAE0030E73C /* debuggerUtils.swift */,
				FA707ED81C809D1200BB06A0 /* debugServer.swift */,
				FA707EE61C80E7A500BB06A0 /* debugServerRegisterHandling.swift */,
				FA90C21D1C873966007094E5 /* hexUtils.swift */,
				FA707EDC1C809D9600BB06A0 /* remoteDebuggingProtocol.swift */,
				FA1FB8BE1C8395A600505EC1 /* remoteDebuggingIO.swift */,
			);
			name = "Debug Server";
			sourceTree = "<group>";
		};
		FA8C99351C7A0A2100096693 /* SelfdeAppTest */ = {
			isa = PBXGroup;
			children = (
				FA8C99451C7A365900096693 /* SelfdeAppTest.entitlements */,
				FA8C99361C7A0A2100096693 /* AppDelegate.swift */,
				FA8C99381C7A0A2100096693 /* Assets.xcassets */,
				FA8C993A1C7A0A2100096693 /* MainMenu.xib */,
				FA8C993D1C7A0A2100096693 /* Info.plist */,
				FA8C99471C7A435400096693 /* utils.c */,
				FA8C99481C7A435400096693 /* utils.h */,
				FA8C99461C7A435400096693 /* SelfdeAppTest-Bridging-Header.h */,
			);
			path = SelfdeAppTest;
			sourceTree = "<group>";
		};
		FAF7BA771C7B0FE600883782 /* X86_64 */ = {
			isa = PBXGroup;
			children = (
				FAF7BA781C7B10B500883782 /* breakpointX86_64.swift */,
				FAF7BA7A1C7B152C00883782 /* machRegisterSetsX86_64.swift */,
				FAF7BA731C7B06CA00883782 /* machThreadX86_64.swift */,
				FA707EDF1C80CCC800BB06A0 /* DNBRegisterInfoX86_64.cpp */,
				FA707EE01C80CCC800BB06A0 /* DNBRegisterInfoX86_64.h */,
				FA707EE31C80DCC800BB06A0 /* HasAVX.s */,
				FA707EE51C80DCF800BB06A0 /* HasAVX.h */,
			);
			name = X86_64;
			sourceTree = "<group>";
		};
/* End PBXGroup section */

/* Begin PBXHeadersBuildPhase section */
		FA68DF371C79BDEF00F3D838 /* Headers */ = {
			isa = PBXHeadersBuildPhase;
			buildActionMask = 2147483647;
			files = (
				FA68DF3E1C79BDEF00F3D838 /* Selfde.h in Headers */,
				FA707EE81C80E8E500BB06A0 /* DNBDefs.h in Headers */,
				FA68DF5B1C79CB6900F3D838 /* machControllerImpl.h in Headers */,
				FA707EE21C80CCC800BB06A0 /* DNBRegisterInfoX86_64.h in Headers */,
			);
			runOnlyForDeploymentPostprocessing = 0;
		};
/* End PBXHeadersBuildPhase section */

/* Begin PBXNativeTarget section */
		FA68DF391C79BDEF00F3D838 /* Selfde */ = {
			isa = PBXNativeTarget;
			buildConfigurationList = FA68DF4E1C79BDEF00F3D838 /* Build configuration list for PBXNativeTarget "Selfde" */;
			buildPhases = (
				FA68DF351C79BDEF00F3D838 /* Sources */,
				FA68DF361C79BDEF00F3D838 /* Frameworks */,
				FA68DF371C79BDEF00F3D838 /* Headers */,
				FA68DF381C79BDEF00F3D838 /* Resources */,
			);
			buildRules = (
			);
			dependencies = (
			);
			name = Selfde;
			productName = Selfde;
			productReference = FA68DF3A1C79BDEF00F3D838 /* Selfde.framework */;
			productType = "com.apple.product-type.framework";
		};
		FA68DF431C79BDEF00F3D838 /* SelfdeTests */ = {
			isa = PBXNativeTarget;
			buildConfigurationList = FA68DF511C79BDEF00F3D838 /* Build configuration list for PBXNativeTarget "SelfdeTests" */;
			buildPhases = (
				FA68DF401C79BDEF00F3D838 /* Sources */,
				FA68DF411C79BDEF00F3D838 /* Frameworks */,
				FA68DF421C79BDEF00F3D838 /* Resources */,
			);
			buildRules = (
			);
			dependencies = (
				FA68DF471C79BDEF00F3D838 /* PBXTargetDependency */,
			);
			name = SelfdeTests;
			productName = SelfdeTests;
			productReference = FA68DF441C79BDEF00F3D838 /* SelfdeTests.xctest */;
			productType = "com.apple.product-type.bundle.unit-test";
		};
		FA8C99331C7A0A2100096693 /* SelfdeAppTest */ = {
			isa = PBXNativeTarget;
			buildConfigurationList = FA8C993E1C7A0A2100096693 /* Build configuration list for PBXNativeTarget "SelfdeAppTest" */;
			buildPhases = (
				FA8C99301C7A0A2100096693 /* Sources */,
				FA8C99311C7A0A2100096693 /* Frameworks */,
				FA8C99321C7A0A2100096693 /* Resources */,
				FA8C99431C7A0A5F00096693 /* Copy Files */,
			);
			buildRules = (
			);
			dependencies = (
				FA8C99421C7A0A5C00096693 /* PBXTargetDependency */,
			);
			name = SelfdeAppTest;
			productName = SelfdeAppTest;
			productReference = FA8C99341C7A0A2100096693 /* SelfdeAppTest.app */;
			productType = "com.apple.product-type.application";
		};
/* End PBXNativeTarget section */

/* Begin PBXProject section */
		FA68DF311C79BDEF00F3D838 /* Project object */ = {
			isa = PBXProject;
			attributes = {
				LastSwiftUpdateCheck = 0720;
				LastUpgradeCheck = 0720;
				ORGANIZATIONNAME = hyp;
				TargetAttributes = {
					FA33F0CE1C8F104B002EAAE8 = {
						CreatedOnToolsVersion = 7.2;
					};
					FA68DF391C79BDEF00F3D838 = {
						CreatedOnToolsVersion = 7.2;
					};
					FA68DF431C79BDEF00F3D838 = {
						CreatedOnToolsVersion = 7.2;
					};
					FA8C99331C7A0A2100096693 = {
						CreatedOnToolsVersion = 7.2;
						SystemCapabilities = {
							com.apple.Sandbox = {
								enabled = 1;
							};
						};
					};
				};
			};
			buildConfigurationList = FA68DF341C79BDEF00F3D838 /* Build configuration list for PBXProject "Selfde" */;
			compatibilityVersion = "Xcode 3.2";
			developmentRegion = English;
			hasScannedForEncodings = 0;
			knownRegions = (
				en,
				Base,
			);
			mainGroup = FA68DF301C79BDEF00F3D838;
			productRefGroup = FA68DF3B1C79BDEF00F3D838 /* Products */;
			projectDirPath = "";
			projectRoot = "";
			targets = (
				FA68DF391C79BDEF00F3D838 /* Selfde */,
				FA68DF431C79BDEF00F3D838 /* SelfdeTests */,
				FA8C99331C7A0A2100096693 /* SelfdeAppTest */,
				FA33F0CE1C8F104B002EAAE8 /* RunSelfdeAppTest */,
			);
		};
/* End PBXProject section */

/* Begin PBXResourcesBuildPhase section */
		FA68DF381C79BDEF00F3D838 /* Resources */ = {
			isa = PBXResourcesBuildPhase;
			buildActionMask = 2147483647;
			files = (
			);
			runOnlyForDeploymentPostprocessing = 0;
		};
		FA68DF421C79BDEF00F3D838 /* Resources */ = {
			isa = PBXResourcesBuildPhase;
			buildActionMask = 2147483647;
			files = (
			);
			runOnlyForDeploymentPostprocessing = 0;
		};
		FA8C99321C7A0A2100096693 /* Resources */ = {
			isa = PBXResourcesBuildPhase;
			buildActionMask = 2147483647;
			files = (
				FA8C99391C7A0A2100096693 /* Assets.xcassets in Resources */,
				FA8C993C1C7A0A2100096693 /* MainMenu.xib in Resources */,
			);
			runOnlyForDeploymentPostprocessing = 0;
		};
/* End PBXResourcesBuildPhase section */

/* Begin PBXShellScriptBuildPhase section */
		FA33F0D41C8F1056002EAAE8 /* ShellScript */ = {
			isa = PBXShellScriptBuildPhase;
			buildActionMask = 2147483647;
			files = (
			);
			inputPaths = (
			);
			outputPaths = (
			);
			runOnlyForDeploymentPostprocessing = 0;
			shellPath = /bin/sh;
			shellScript = "for i in {1..100} ; do\n${BUILT_PRODUCTS_DIR}/SelfdeAppTest.app/Contents/MacOS/SelfdeAppTest\ndone\n";
			showEnvVarsInLog = 0;
		};
/* End PBXShellScriptBuildPhase section */

/* Begin PBXSourcesBuildPhase section */
		FA68DF351C79BDEF00F3D838 /* Sources */ = {
			isa = PBXSourcesBuildPhase;
			buildActionMask = 2147483647;
			files = (
				FAF7BA721C7B01D400883782 /* machException.swift in Sources */,
				FA5DB8D01C848CAE0030E73C /* debuggerUtils.swift in Sources */,
				FA68DF601C79D71700F3D838 /* machThread.swift in Sources */,
				FA1FB8BF1C8395A600505EC1 /* remoteDebuggingIO.swift in Sources */,
				FA707EE11C80CCC800BB06A0 /* DNBRegisterInfoX86_64.cpp in Sources */,
				FA707EE41C80DCC800BB06A0 /* HasAVX.s in Sources */,
				FA707EDB1C809D3000BB06A0 /* debugger.swift in Sources */,
				FA90C21E1C873966007094E5 /* hexUtils.swift in Sources */,
				FAF7BA791C7B10B500883782 /* breakpointX86_64.swift in Sources */,
				FAF7BA7B1C7B152C00883782 /* machRegisterSetsX86_64.swift in Sources */,
				FA68DF5A1C79CB6900F3D838 /* machControllerImpl.c in Sources */,
				FAF7BA741C7B06CA00883782 /* machThreadX86_64.swift in Sources */,
				FA68DF571C79C9F800F3D838 /* machController.swift in Sources */,
				FA707ED91C809D1200BB06A0 /* debugServer.swift in Sources */,
				FA707EE71C80E7A500BB06A0 /* debugServerRegisterHandling.swift in Sources */,
				FA68DF621C79D7CF00F3D838 /* machUtils.swift in Sources */,
				FA68DF551C79BDFB00F3D838 /* controller.swift in Sources */,
				FA707EDD1C809D9600BB06A0 /* remoteDebuggingProtocol.swift in Sources */,
			);
			runOnlyForDeploymentPostprocessing = 0;
		};
		FA68DF401C79BDEF00F3D838 /* Sources */ = {
			isa = PBXSourcesBuildPhase;
			buildActionMask = 2147483647;
			files = (
				FA68DF4A1C79BDEF00F3D838 /* SelfdeTests.swift in Sources */,
			);
			runOnlyForDeploymentPostprocessing = 0;
		};
		FA8C99301C7A0A2100096693 /* Sources */ = {
			isa = PBXSourcesBuildPhase;
			buildActionMask = 2147483647;
			files = (
				FA8C99371C7A0A2100096693 /* AppDelegate.swift in Sources */,
				FA8C99491C7A435400096693 /* utils.c in Sources */,
			);
			runOnlyForDeploymentPostprocessing = 0;
		};
/* End PBXSourcesBuildPhase section */

/* Begin PBXTargetDependency section */
		FA33F0D31C8F1052002EAAE8 /* PBXTargetDependency */ = {
			isa = PBXTargetDependency;
			target = FA8C99331C7A0A2100096693 /* SelfdeAppTest */;
			targetProxy = FA33F0D21C8F1052002EAAE8 /* PBXContainerItemProxy */;
		};
		FA68DF471C79BDEF00F3D838 /* PBXTargetDependency */ = {
			isa = PBXTargetDependency;
			target = FA68DF391C79BDEF00F3D838 /* Selfde */;
			targetProxy = FA68DF461C79BDEF00F3D838 /* PBXContainerItemProxy */;
		};
		FA8C99421C7A0A5C00096693 /* PBXTargetDependency */ = {
			isa = PBXTargetDependency;
			target = FA68DF391C79BDEF00F3D838 /* Selfde */;
			targetProxy = FA8C99411C7A0A5C00096693 /* PBXContainerItemProxy */;
		};
/* End PBXTargetDependency section */

/* Begin PBXVariantGroup section */
		FA8C993A1C7A0A2100096693 /* MainMenu.xib */ = {
			isa = PBXVariantGroup;
			children = (
				FA8C993B1C7A0A2100096693 /* Base */,
			);
			name = MainMenu.xib;
			sourceTree = "<group>";
		};
/* End PBXVariantGroup section */

/* Begin XCBuildConfiguration section */
		FA33F0D01C8F104B002EAAE8 /* Debug */ = {
			isa = XCBuildConfiguration;
			buildSettings = {
				PRODUCT_NAME = "$(TARGET_NAME)";
			};
			name = Debug;
		};
		FA33F0D11C8F104B002EAAE8 /* Release */ = {
			isa = XCBuildConfiguration;
			buildSettings = {
				PRODUCT_NAME = "$(TARGET_NAME)";
			};
			name = Release;
		};
		FA68DF4C1C79BDEF00F3D838 /* Debug */ = {
			isa = XCBuildConfiguration;
			buildSettings = {
				ALWAYS_SEARCH_USER_PATHS = NO;
				CLANG_CXX_LANGUAGE_STANDARD = "gnu++0x";
				CLANG_CXX_LIBRARY = "libc++";
				CLANG_ENABLE_MODULES = YES;
				CLANG_ENABLE_OBJC_ARC = YES;
				CLANG_WARN_BOOL_CONVERSION = YES;
				CLANG_WARN_CONSTANT_CONVERSION = YES;
				CLANG_WARN_DIRECT_OBJC_ISA_USAGE = YES_ERROR;
				CLANG_WARN_EMPTY_BODY = YES;
				CLANG_WARN_ENUM_CONVERSION = YES;
				CLANG_WARN_INT_CONVERSION = YES;
				CLANG_WARN_OBJC_ROOT_CLASS = YES_ERROR;
				CLANG_WARN_UNREACHABLE_CODE = YES;
				CLANG_WARN__DUPLICATE_METHOD_MATCH = YES;
				CODE_SIGN_IDENTITY = "-";
				COPY_PHASE_STRIP = NO;
				CURRENT_PROJECT_VERSION = 1;
				DEBUG_INFORMATION_FORMAT = dwarf;
				ENABLE_STRICT_OBJC_MSGSEND = YES;
				ENABLE_TESTABILITY = YES;
				GCC_C_LANGUAGE_STANDARD = gnu99;
				GCC_DYNAMIC_NO_PIC = NO;
				GCC_NO_COMMON_BLOCKS = YES;
				GCC_OPTIMIZATION_LEVEL = 0;
				GCC_PREPROCESSOR_DEFINITIONS = (
					"DEBUG=1",
					"$(inherited)",
				);
				GCC_WARN_64_TO_32_BIT_CONVERSION = YES;
				GCC_WARN_ABOUT_RETURN_TYPE = YES_ERROR;
				GCC_WARN_UNDECLARED_SELECTOR = YES;
				GCC_WARN_UNINITIALIZED_AUTOS = YES_AGGRESSIVE;
				GCC_WARN_UNUSED_FUNCTION = YES;
				GCC_WARN_UNUSED_VARIABLE = YES;
				MACOSX_DEPLOYMENT_TARGET = 10.11;
				MTL_ENABLE_DEBUG_INFO = YES;
				ONLY_ACTIVE_ARCH = YES;
				SDKROOT = macosx;
				SWIFT_OPTIMIZATION_LEVEL = "-Onone";
				SWIFT_VERSION = 2.3;
				VERSIONING_SYSTEM = "apple-generic";
				VERSION_INFO_PREFIX = "";
			};
			name = Debug;
		};
		FA68DF4D1C79BDEF00F3D838 /* Release */ = {
			isa = XCBuildConfiguration;
			buildSettings = {
				ALWAYS_SEARCH_USER_PATHS = NO;
				CLANG_CXX_LANGUAGE_STANDARD = "gnu++0x";
				CLANG_CXX_LIBRARY = "libc++";
				CLANG_ENABLE_MODULES = YES;
				CLANG_ENABLE_OBJC_ARC = YES;
				CLANG_WARN_BOOL_CONVERSION = YES;
				CLANG_WARN_CONSTANT_CONVERSION = YES;
				CLANG_WARN_DIRECT_OBJC_ISA_USAGE = YES_ERROR;
				CLANG_WARN_EMPTY_BODY = YES;
				CLANG_WARN_ENUM_CONVERSION = YES;
				CLANG_WARN_INT_CONVERSION = YES;
				CLANG_WARN_OBJC_ROOT_CLASS = YES_ERROR;
				CLANG_WARN_UNREACHABLE_CODE = YES;
				CLANG_WARN__DUPLICATE_METHOD_MATCH = YES;
				CODE_SIGN_IDENTITY = "-";
				COPY_PHASE_STRIP = NO;
				CURRENT_PROJECT_VERSION = 1;
				DEBUG_INFORMATION_FORMAT = "dwarf-with-dsym";
				ENABLE_NS_ASSERTIONS = NO;
				ENABLE_STRICT_OBJC_MSGSEND = YES;
				GCC_C_LANGUAGE_STANDARD = gnu99;
				GCC_NO_COMMON_BLOCKS = YES;
				GCC_WARN_64_TO_32_BIT_CONVERSION = YES;
				GCC_WARN_ABOUT_RETURN_TYPE = YES_ERROR;
				GCC_WARN_UNDECLARED_SELECTOR = YES;
				GCC_WARN_UNINITIALIZED_AUTOS = YES_AGGRESSIVE;
				GCC_WARN_UNUSED_FUNCTION = YES;
				GCC_WARN_UNUSED_VARIABLE = YES;
				MACOSX_DEPLOYMENT_TARGET = 10.11;
				MTL_ENABLE_DEBUG_INFO = NO;
				SDKROOT = macosx;
				SWIFT_OPTIMIZATION_LEVEL = "-Owholemodule";
				SWIFT_VERSION = 2.3;
				VERSIONING_SYSTEM = "apple-generic";
				VERSION_INFO_PREFIX = "";
			};
			name = Release;
		};
		FA68DF4F1C79BDEF00F3D838 /* Debug */ = {
			isa = XCBuildConfiguration;
			buildSettings = {
				CLANG_ENABLE_MODULES = YES;
				COMBINE_HIDPI_IMAGES = YES;
				DEFINES_MODULE = YES;
				DYLIB_COMPATIBILITY_VERSION = 1;
				DYLIB_CURRENT_VERSION = 1;
				DYLIB_INSTALL_NAME_BASE = "@rpath";
				EMBEDDED_CONTENT_CONTAINS_SWIFT = YES;
				FRAMEWORK_VERSION = A;
				INFOPLIST_FILE = Selfde/Info.plist;
				INSTALL_PATH = "$(LOCAL_LIBRARY_DIR)/Frameworks";
				LD_RUNPATH_SEARCH_PATHS = "$(inherited) @executable_path/../Frameworks @loader_path/Frameworks";
				MACOSX_DEPLOYMENT_TARGET = 10.10;
				PRODUCT_BUNDLE_IDENTIFIER = com.hypstuff.Selfde;
				PRODUCT_NAME = "$(TARGET_NAME)";
				SKIP_INSTALL = YES;
				SWIFT_OBJC_BRIDGING_HEADER = "";
				SWIFT_OPTIMIZATION_LEVEL = "-Onone";
			};
			name = Debug;
		};
		FA68DF501C79BDEF00F3D838 /* Release */ = {
			isa = XCBuildConfiguration;
			buildSettings = {
				CLANG_ENABLE_MODULES = YES;
				COMBINE_HIDPI_IMAGES = YES;
				DEFINES_MODULE = YES;
				DYLIB_COMPATIBILITY_VERSION = 1;
				DYLIB_CURRENT_VERSION = 1;
				DYLIB_INSTALL_NAME_BASE = "@rpath";
				EMBEDDED_CONTENT_CONTAINS_SWIFT = YES;
				FRAMEWORK_VERSION = A;
				INFOPLIST_FILE = Selfde/Info.plist;
				INSTALL_PATH = "$(LOCAL_LIBRARY_DIR)/Frameworks";
				LD_RUNPATH_SEARCH_PATHS = "$(inherited) @executable_path/../Frameworks @loader_path/Frameworks";
				MACOSX_DEPLOYMENT_TARGET = 10.10;
				PRODUCT_BUNDLE_IDENTIFIER = com.hypstuff.Selfde;
				PRODUCT_NAME = "$(TARGET_NAME)";
				SKIP_INSTALL = YES;
				SWIFT_OBJC_BRIDGING_HEADER = "";
			};
			name = Release;
		};
		FA68DF521C79BDEF00F3D838 /* Debug */ = {
			isa = XCBuildConfiguration;
			buildSettings = {
				COMBINE_HIDPI_IMAGES = YES;
				INFOPLIST_FILE = SelfdeTests/Info.plist;
				LD_RUNPATH_SEARCH_PATHS = "$(inherited) @executable_path/../Frameworks @loader_path/../Frameworks";
				PRODUCT_BUNDLE_IDENTIFIER = com.hypstuff.SelfdeTests;
				PRODUCT_NAME = "$(TARGET_NAME)";
			};
			name = Debug;
		};
		FA68DF531C79BDEF00F3D838 /* Release */ = {
			isa = XCBuildConfiguration;
			buildSettings = {
				COMBINE_HIDPI_IMAGES = YES;
				INFOPLIST_FILE = SelfdeTests/Info.plist;
				LD_RUNPATH_SEARCH_PATHS = "$(inherited) @executable_path/../Frameworks @loader_path/../Frameworks";
				PRODUCT_BUNDLE_IDENTIFIER = com.hypstuff.SelfdeTests;
				PRODUCT_NAME = "$(TARGET_NAME)";
			};
			name = Release;
		};
		FA8C993F1C7A0A2100096693 /* Debug */ = {
			isa = XCBuildConfiguration;
			buildSettings = {
				ASSETCATALOG_COMPILER_APPICON_NAME = AppIcon;
				CLANG_ENABLE_MODULES = YES;
				CODE_SIGN_ENTITLEMENTS = SelfdeAppTest/SelfdeAppTest.entitlements;
				COMBINE_HIDPI_IMAGES = YES;
				INFOPLIST_FILE = SelfdeAppTest/Info.plist;
				LD_RUNPATH_SEARCH_PATHS = "$(inherited) @executable_path/../Frameworks";
				PRODUCT_BUNDLE_IDENTIFIER = com.hypstuff.SelfdeAppTest;
				PRODUCT_NAME = "$(TARGET_NAME)";
				SWIFT_OBJC_BRIDGING_HEADER = "SelfdeAppTest/SelfdeAppTest-Bridging-Header.h";
				SWIFT_OPTIMIZATION_LEVEL = "-Onone";
			};
			name = Debug;
		};
		FA8C99401C7A0A2100096693 /* Release */ = {
			isa = XCBuildConfiguration;
			buildSettings = {
				ASSETCATALOG_COMPILER_APPICON_NAME = AppIcon;
				CLANG_ENABLE_MODULES = YES;
				CODE_SIGN_ENTITLEMENTS = SelfdeAppTest/SelfdeAppTest.entitlements;
				COMBINE_HIDPI_IMAGES = YES;
				INFOPLIST_FILE = SelfdeAppTest/Info.plist;
				LD_RUNPATH_SEARCH_PATHS = "$(inherited) @executable_path/../Frameworks";
				PRODUCT_BUNDLE_IDENTIFIER = com.hypstuff.SelfdeAppTest;
				PRODUCT_NAME = "$(TARGET_NAME)";
				SWIFT_OBJC_BRIDGING_HEADER = "SelfdeAppTest/SelfdeAppTest-Bridging-Header.h";
			};
			name = Release;
		};
/* End XCBuildConfiguration section */

/* Begin XCConfigurationList section */
		FA33F0CF1C8F104B002EAAE8 /* Build configuration list for PBXAggregateTarget "RunSelfdeAppTest" */ = {
			isa = XCConfigurationList;
			buildConfigurations = (
				FA33F0D01C8F104B002EAAE8 /* Debug */,
				FA33F0D11C8F104B002EAAE8 /* Release */,
			);
			defaultConfigurationIsVisible = 0;
			defaultConfigurationName = Release;
		};
		FA68DF341C79BDEF00F3D838 /* Build configuration list for PBXProject "Selfde" */ = {
			isa = XCConfigurationList;
			buildConfigurations = (
				FA68DF4C1C79BDEF00F3D838 /* Debug */,
				FA68DF4D1C79BDEF00F3D838 /* Release */,
			);
			defaultConfigurationIsVisible = 0;
			defaultConfigurationName = Release;
		};
		FA68DF4E1C79BDEF00F3D838 /* Build configuration list for PBXNativeTarget "Selfde" */ = {
			isa = XCConfigurationList;
			buildConfigurations = (
				FA68DF4F1C79BDEF00F3D838 /* Debug */,
				FA68DF501C79BDEF00F3D838 /* Release */,
			);
			defaultConfigurationIsVisible = 0;
			defaultConfigurationName = Release;
		};
		FA68DF511C79BDEF00F3D838 /* Build configuration list for PBXNativeTarget "SelfdeTests" */ = {
			isa = XCConfigurationList;
			buildConfigurations = (
				FA68DF521C79BDEF00F3D838 /* Debug */,
				FA68DF531C79BDEF00F3D838 /* Release */,
			);
			defaultConfigurationIsVisible = 0;
			defaultConfigurationName = Release;
		};
		FA8C993E1C7A0A2100096693 /* Build configuration list for PBXNativeTarget "SelfdeAppTest" */ = {
			isa = XCConfigurationList;
			buildConfigurations = (
				FA8C993F1C7A0A2100096693 /* Debug */,
				FA8C99401C7A0A2100096693 /* Release */,
			);
			defaultConfigurationIsVisible = 0;
			defaultConfigurationName = Release;
		};
/* End XCConfigurationList section */
	};
	rootObject = FA68DF311C79BDEF00F3D838 /* Project object */;
}
